# Prisma Migrate lockfile v1

20200704123218-create
20200704140032-remove-tag-color
20200704160731-recreate-color-enum
20200705114513-create-checkpoint
20200705115304-add-checkpoint-archived-at
20200709012911-add-archived-at-to-category-and-tag
20200724140714-add-indexes
20200726105706-add-tag-parent-id
20200726111633-add-tag-tree
20200726120138-update-index-id-name-owner-id
20200726121025-update-index-owner-id-id-name